
Microsoft Visual Studio Solution File, Format Version 12.00
# Visual Studio Version 16
VisualStudioVersion = 16.0.29201.188
MinimumVisualStudioVersion = 10.0.40219.1
Project("{FAE04EC0-301F-11D3-BF4B-00C04F79EFBC}") = "AnyStatus.Plugins.AzureDevOps.Tests", "AnyStatus.Plugins.AzureDevOps.Tests\AnyStatus.Plugins.AzureDevOps.Tests.csproj", "{AD42834B-5255-4D2C-8E97-53059C85EE34}"
EndProject
Project("{FAE04EC0-301F-11D3-BF4B-00C04F79EFBC}") = "AnyStatus.Plugins.AzureDevOps", "AnyStatus.Plugins.AzureDevOps\AnyStatus.Plugins.AzureDevOps.csproj", "{69E1A522-4E66-44F7-8263-2A08FF129F3A}"
EndProject
Global
	GlobalSection(SolutionConfigurationPlatforms) = preSolution
		Debug|Any CPU = Debug|Any CPU
		Debug|x86 = Debug|x86
		Release|Any CPU = Release|Any CPU
		Release|x86 = Release|x86
	EndGlobalSection
	GlobalSection(ProjectConfigurationPlatforms) = postSolution
		{AD42834B-5255-4D2C-8E97-53059C85EE34}.Debug|Any CPU.ActiveCfg = Debug|Any CPU
		{AD42834B-5255-4D2C-8E97-53059C85EE34}.Debug|Any CPU.Build.0 = Debug|Any CPU
		{AD42834B-5255-4D2C-8E97-53059C85EE34}.Debug|x86.ActiveCfg = Debug|Any CPU
		{AD42834B-5255-4D2C-8E97-53059C85EE34}.Debug|x86.Build.0 = Debug|Any CPU
		{AD42834B-5255-4D2C-8E97-53059C85EE34}.Release|Any CPU.ActiveCfg = Release|Any CPU
		{AD42834B-5255-4D2C-8E97-53059C85EE34}.Release|Any CPU.Build.0 = Release|Any CPU
		{AD42834B-5255-4D2C-8E97-53059C85EE34}.Release|x86.ActiveCfg = Release|Any CPU
		{AD42834B-5255-4D2C-8E97-53059C85EE34}.Release|x86.Build.0 = Release|Any CPU
		{69E1A522-4E66-44F7-8263-2A08FF129F3A}.Debug|Any CPU.ActiveCfg = Debug|Any CPU
		{69E1A522-4E66-44F7-8263-2A08FF129F3A}.Debug|Any CPU.Build.0 = Debug|Any CPU
		{69E1A522-4E66-44F7-8263-2A08FF129F3A}.Debug|x86.ActiveCfg = Debug|Any CPU
		{69E1A522-4E66-44F7-8263-2A08FF129F3A}.Debug|x86.Build.0 = Debug|Any CPU
		{69E1A522-4E66-44F7-8263-2A08FF129F3A}.Release|Any CPU.ActiveCfg = Release|Any CPU
		{69E1A522-4E66-44F7-8263-2A08FF129F3A}.Release|Any CPU.Build.0 = Release|Any CPU
		{69E1A522-4E66-44F7-8263-2A08FF129F3A}.Release|x86.ActiveCfg = Release|Any CPU
		{69E1A522-4E66-44F7-8263-2A08FF129F3A}.Release|x86.Build.0 = Release|Any CPU
	EndGlobalSection
	GlobalSection(SolutionProperties) = preSolution
		HideSolutionNode = FALSE
	EndGlobalSection
	GlobalSection(ExtensibilityGlobals) = postSolution
		SolutionGuid = {79388DB6-B2A1-452D-B736-C44FE6538ADD}
	EndGlobalSection
EndGlobal
